
Microsoft Visual Studio Solution File, Format Version 12.00
# Visual Studio Version 17
VisualStudioVersion = 17.3.32825.248
MinimumVisualStudioVersion = 10.0.40219.1
Project("{FAE04EC0-301F-11D3-BF4B-00C04F79EFBC}") = "Poo - Aula 141", "Poo - Aula 141\Poo - Aula 141.csproj", "{0FC762CA-E9A0-4A57-A242-C5B0A26C9DE4}"
EndProject
Global
	GlobalSection(SolutionConfigurationPlatforms) = preSolution
		Debug|Any CPU = Debug|Any CPU
		Release|Any CPU = Release|Any CPU
	EndGlobalSection
	GlobalSection(ProjectConfigurationPlatforms) = postSolution
		{0FC762CA-E9A0-4A57-A242-C5B0A26C9DE4}.Debug|Any CPU.ActiveCfg = Debug|Any CPU
		{0FC762CA-E9A0-4A57-A242-C5B0A26C9DE4}.Debug|Any CPU.Build.0 = Debug|Any CPU
		{0FC762CA-E9A0-4A57-A242-C5B0A26C9DE4}.Release|Any CPU.ActiveCfg = Release|Any CPU
		{0FC762CA-E9A0-4A57-A242-C5B0A26C9DE4}.Release|Any CPU.Build.0 = Release|Any CPU
	EndGlobalSection
	GlobalSection(SolutionProperties) = preSolution
		HideSolutionNode = FALSE
	EndGlobalSection
	GlobalSection(ExtensibilityGlobals) = postSolution
		SolutionGuid = {93A3A104-6653-41C8-B0B2-A8C069D33444}
	EndGlobalSection
EndGlobal
